
Microsoft Visual Studio Solution File, Format Version 12.00
# Visual Studio 15
VisualStudioVersion = 15.0.27130.2020
MinimumVisualStudioVersion = 10.0.40219.1
Project("{8BC9CEB8-8B4A-11D0-8D11-00A0C91BC942}") = "lib_c", "lib_c\lib_c.vcxproj", "{9D4E398A-8868-4E1D-9110-BDB651681C89}"
EndProject
Project("{8BC9CEB8-8B4A-11D0-8D11-00A0C91BC942}") = "main", "main\main.vcxproj", "{7F3E978B-BFDB-4862-983F-43EB4B2A8EED}"
	ProjectSection(ProjectDependencies) = postProject
		{9D4E398A-8868-4E1D-9110-BDB651681C89} = {9D4E398A-8868-4E1D-9110-BDB651681C89}
		{C46F97D3-F21F-4E09-BA05-2DD14F621B0C} = {C46F97D3-F21F-4E09-BA05-2DD14F621B0C}
	EndProjectSection
EndProject
Project("{8BC9CEB8-8B4A-11D0-8D11-00A0C91BC942}") = "lib_cpp", "lib_cpp\lib_cpp.vcxproj", "{C46F97D3-F21F-4E09-BA05-2DD14F621B0C}"
EndProject
Project("{FAE04EC0-301F-11D3-BF4B-00C04F79EFBC}") = "CSharpMain", "CSharpMain\CSharpMain.csproj", "{B0A30FAE-12D4-425A-8343-C142BB489F5B}"
	ProjectSection(ProjectDependencies) = postProject
		{DFE250D4-5ECF-4FA3-89E8-876B6E1E0FA3} = {DFE250D4-5ECF-4FA3-89E8-876B6E1E0FA3}
	EndProjectSection
EndProject
Project("{8BC9CEB8-8B4A-11D0-8D11-00A0C91BC942}") = "lib_cpp_wrapper", "lib_cpp_wrapper\lib_cpp_wrapper.vcxproj", "{DFE250D4-5ECF-4FA3-89E8-876B6E1E0FA3}"
	ProjectSection(ProjectDependencies) = postProject
		{C46F97D3-F21F-4E09-BA05-2DD14F621B0C} = {C46F97D3-F21F-4E09-BA05-2DD14F621B0C}
	EndProjectSection
EndProject
Project("{FAE04EC0-301F-11D3-BF4B-00C04F79EFBC}") = "CSharpGUI", "CSharpGUI\CSharpGUI.csproj", "{EFB5D344-C529-439B-BF34-050D9585764E}"
EndProject
Global
	GlobalSection(SolutionConfigurationPlatforms) = preSolution
		Debug|Any CPU = Debug|Any CPU
		Debug|x64 = Debug|x64
		Debug|x86 = Debug|x86
		Release|Any CPU = Release|Any CPU
		Release|x64 = Release|x64
		Release|x86 = Release|x86
	EndGlobalSection
	GlobalSection(ProjectConfigurationPlatforms) = postSolution
		{9D4E398A-8868-4E1D-9110-BDB651681C89}.Debug|Any CPU.ActiveCfg = Debug|Win32
		{9D4E398A-8868-4E1D-9110-BDB651681C89}.Debug|x64.ActiveCfg = Debug|x64
		{9D4E398A-8868-4E1D-9110-BDB651681C89}.Debug|x64.Build.0 = Debug|x64
		{9D4E398A-8868-4E1D-9110-BDB651681C89}.Debug|x86.ActiveCfg = Debug|Win32
		{9D4E398A-8868-4E1D-9110-BDB651681C89}.Debug|x86.Build.0 = Debug|Win32
		{9D4E398A-8868-4E1D-9110-BDB651681C89}.Release|Any CPU.ActiveCfg = Release|Win32
		{9D4E398A-8868-4E1D-9110-BDB651681C89}.Release|x64.ActiveCfg = Release|x64
		{9D4E398A-8868-4E1D-9110-BDB651681C89}.Release|x64.Build.0 = Release|x64
		{9D4E398A-8868-4E1D-9110-BDB651681C89}.Release|x86.ActiveCfg = Release|Win32
		{9D4E398A-8868-4E1D-9110-BDB651681C89}.Release|x86.Build.0 = Release|Win32
		{7F3E978B-BFDB-4862-983F-43EB4B2A8EED}.Debug|Any CPU.ActiveCfg = Debug|Win32
		{7F3E978B-BFDB-4862-983F-43EB4B2A8EED}.Debug|x64.ActiveCfg = Debug|x64
		{7F3E978B-BFDB-4862-983F-43EB4B2A8EED}.Debug|x64.Build.0 = Debug|x64
		{7F3E978B-BFDB-4862-983F-43EB4B2A8EED}.Debug|x86.ActiveCfg = Debug|Win32
		{7F3E978B-BFDB-4862-983F-43EB4B2A8EED}.Debug|x86.Build.0 = Debug|Win32
		{7F3E978B-BFDB-4862-983F-43EB4B2A8EED}.Release|Any CPU.ActiveCfg = Release|Win32
		{7F3E978B-BFDB-4862-983F-43EB4B2A8EED}.Release|x64.ActiveCfg = Release|x64
		{7F3E978B-BFDB-4862-983F-43EB4B2A8EED}.Release|x64.Build.0 = Release|x64
		{7F3E978B-BFDB-4862-983F-43EB4B2A8EED}.Release|x86.ActiveCfg = Release|Win32
		{7F3E978B-BFDB-4862-983F-43EB4B2A8EED}.Release|x86.Build.0 = Release|Win32
		{C46F97D3-F21F-4E09-BA05-2DD14F621B0C}.Debug|Any CPU.ActiveCfg = Debug|Win32
		{C46F97D3-F21F-4E09-BA05-2DD14F621B0C}.Debug|x64.ActiveCfg = Debug|x64
		{C46F97D3-F21F-4E09-BA05-2DD14F621B0C}.Debug|x64.Build.0 = Debug|x64
		{C46F97D3-F21F-4E09-BA05-2DD14F621B0C}.Debug|x86.ActiveCfg = Debug|Win32
		{C46F97D3-F21F-4E09-BA05-2DD14F621B0C}.Debug|x86.Build.0 = Debug|Win32
		{C46F97D3-F21F-4E09-BA05-2DD14F621B0C}.Release|Any CPU.ActiveCfg = Release|Win32
		{C46F97D3-F21F-4E09-BA05-2DD14F621B0C}.Release|x64.ActiveCfg = Release|x64
		{C46F97D3-F21F-4E09-BA05-2DD14F621B0C}.Release|x64.Build.0 = Release|x64
		{C46F97D3-F21F-4E09-BA05-2DD14F621B0C}.Release|x86.ActiveCfg = Release|Win32
		{C46F97D3-F21F-4E09-BA05-2DD14F621B0C}.Release|x86.Build.0 = Release|Win32
		{B0A30FAE-12D4-425A-8343-C142BB489F5B}.Debug|Any CPU.ActiveCfg = Debug|Any CPU
		{B0A30FAE-12D4-425A-8343-C142BB489F5B}.Debug|Any CPU.Build.0 = Debug|Any CPU
		{B0A30FAE-12D4-425A-8343-C142BB489F5B}.Debug|x64.ActiveCfg = Debug|Any CPU
		{B0A30FAE-12D4-425A-8343-C142BB489F5B}.Debug|x64.Build.0 = Debug|Any CPU
		{B0A30FAE-12D4-425A-8343-C142BB489F5B}.Debug|x86.ActiveCfg = Debug|Any CPU
		{B0A30FAE-12D4-425A-8343-C142BB489F5B}.Debug|x86.Build.0 = Debug|Any CPU
		{B0A30FAE-12D4-425A-8343-C142BB489F5B}.Release|Any CPU.ActiveCfg = Release|Any CPU
		{B0A30FAE-12D4-425A-8343-C142BB489F5B}.Release|Any CPU.Build.0 = Release|Any CPU
		{B0A30FAE-12D4-425A-8343-C142BB489F5B}.Release|x64.ActiveCfg = Release|Any CPU
		{B0A30FAE-12D4-425A-8343-C142BB489F5B}.Release|x64.Build.0 = Release|Any CPU
		{B0A30FAE-12D4-425A-8343-C142BB489F5B}.Release|x86.ActiveCfg = Release|Any CPU
		{B0A30FAE-12D4-425A-8343-C142BB489F5B}.Release|x86.Build.0 = Release|Any CPU
		{DFE250D4-5ECF-4FA3-89E8-876B6E1E0FA3}.Debug|Any CPU.ActiveCfg = Debug|Win32
		{DFE250D4-5ECF-4FA3-89E8-876B6E1E0FA3}.Debug|x64.ActiveCfg = Debug|x64
		{DFE250D4-5ECF-4FA3-89E8-876B6E1E0FA3}.Debug|x64.Build.0 = Debug|x64
		{DFE250D4-5ECF-4FA3-89E8-876B6E1E0FA3}.Debug|x86.ActiveCfg = Debug|Win32
		{DFE250D4-5ECF-4FA3-89E8-876B6E1E0FA3}.Debug|x86.Build.0 = Debug|Win32
		{DFE250D4-5ECF-4FA3-89E8-876B6E1E0FA3}.Release|Any CPU.ActiveCfg = Release|Win32
		{DFE250D4-5ECF-4FA3-89E8-876B6E1E0FA3}.Release|x64.ActiveCfg = Release|x64
		{DFE250D4-5ECF-4FA3-89E8-876B6E1E0FA3}.Release|x64.Build.0 = Release|x64
		{DFE250D4-5ECF-4FA3-89E8-876B6E1E0FA3}.Release|x86.ActiveCfg = Release|Win32
		{DFE250D4-5ECF-4FA3-89E8-876B6E1E0FA3}.Release|x86.Build.0 = Release|Win32
		{EFB5D344-C529-439B-BF34-050D9585764E}.Debug|Any CPU.ActiveCfg = Debug|Any CPU
		{EFB5D344-C529-439B-BF34-050D9585764E}.Debug|Any CPU.Build.0 = Debug|Any CPU
		{EFB5D344-C529-439B-BF34-050D9585764E}.Debug|x64.ActiveCfg = Debug|Any CPU
		{EFB5D344-C529-439B-BF34-050D9585764E}.Debug|x64.Build.0 = Debug|Any CPU
		{EFB5D344-C529-439B-BF34-050D9585764E}.Debug|x86.ActiveCfg = Debug|Any CPU
		{EFB5D344-C529-439B-BF34-050D9585764E}.Debug|x86.Build.0 = Debug|Any CPU
		{EFB5D344-C529-439B-BF34-050D9585764E}.Release|Any CPU.ActiveCfg = Release|Any CPU
		{EFB5D344-C529-439B-BF34-050D9585764E}.Release|Any CPU.Build.0 = Release|Any CPU
		{EFB5D344-C529-439B-BF34-050D9585764E}.Release|x64.ActiveCfg = Release|Any CPU
		{EFB5D344-C529-439B-BF34-050D9585764E}.Release|x64.Build.0 = Release|Any CPU
		{EFB5D344-C529-439B-BF34-050D9585764E}.Release|x86.ActiveCfg = Release|Any CPU
		{EFB5D344-C529-439B-BF34-050D9585764E}.Release|x86.Build.0 = Release|Any CPU
	EndGlobalSection
	GlobalSection(SolutionProperties) = preSolution
		HideSolutionNode = FALSE
	EndGlobalSection
	GlobalSection(ExtensibilityGlobals) = postSolution
		SolutionGuid = {F4E12442-8793-40A6-9B81-69DF51E0383B}
	EndGlobalSection
EndGlobal
